// !$*UTF8*$!
{
	archiveVersion = 1;
	classes = {
	};
	objectVersion = 46;
	objects = {

/* Begin PBXBuildFile section */
		7B1A61021E6EC3CE002BAD1F /* main.swift in Sources */ = {isa = PBXBuildFile; fileRef = 7B1A61011E6EC3CE002BAD1F /* main.swift */; };
		7B1A61091E6EC442002BAD1F /* E_001_TwoSum.swift in Sources */ = {isa = PBXBuildFile; fileRef = 7B1A61081E6EC442002BAD1F /* E_001_TwoSum.swift */; };
		7B1A610B1E6EC520002BAD1F /* E_27_RemoveElement.swift in Sources */ = {isa = PBXBuildFile; fileRef = 7B1A610A1E6EC520002BAD1F /* E_27_RemoveElement.swift */; };
		7B1A610D1E6EC57A002BAD1F /* E-26-RemoveDuplicatesFromSortedArray.swift in Sources */ = {isa = PBXBuildFile; fileRef = 7B1A610C1E6EC57A002BAD1F /* E-26-RemoveDuplicatesFromSortedArray.swift */; };
		7B1A610F1E6EC5C5002BAD1F /* M_80_RemoveDuplicatesFromSortedArrayII.swift in Sources */ = {isa = PBXBuildFile; fileRef = 7B1A610E1E6EC5C5002BAD1F /* M_80_RemoveDuplicatesFromSortedArrayII.swift */; };
		7B1A61111E6ED2DC002BAD1F /* E_66_PlusOne.swift in Sources */ = {isa = PBXBuildFile; fileRef = 7B1A61101E6ED2DC002BAD1F /* E_66_PlusOne.swift */; };
		7B1A61131E6F038A002BAD1F /* testSwift.swift in Sources */ = {isa = PBXBuildFile; fileRef = 7B1A61121E6F038A002BAD1F /* testSwift.swift */; };
		7B1A61151E6FBC4A002BAD1F /* E_118_Pascal'sTriangle.swift in Sources */ = {isa = PBXBuildFile; fileRef = 7B1A61141E6FBC4A002BAD1F /* E_118_Pascal'sTriangle.swift */; };
		7B1A61171E6FE571002BAD1F /* E_119_PascalsTriangleII.swift in Sources */ = {isa = PBXBuildFile; fileRef = 7B1A61161E6FE571002BAD1F /* E_119_PascalsTriangleII.swift */; };
		7B1A61191E6FF1CC002BAD1F /* E_88_MergeSortedArray.swift in Sources */ = {isa = PBXBuildFile; fileRef = 7B1A61181E6FF1CC002BAD1F /* E_88_MergeSortedArray.swift */; };
		7B1A611B1E6FFF74002BAD1F /* M_153_FindMinimuminRotatedSortedArray.swift in Sources */ = {isa = PBXBuildFile; fileRef = 7B1A611A1E6FFF74002BAD1F /* M_153_FindMinimuminRotatedSortedArray.swift */; };
		7B1A611D1E700F76002BAD1F /* H_154_FindMinimuminRotatedSortedArrayII.swift in Sources */ = {isa = PBXBuildFile; fileRef = 7B1A611C1E700F76002BAD1F /* H_154_FindMinimuminRotatedSortedArrayII.swift */; };
		7B1A611F1E701E32002BAD1F /* H_84_LargestRectangleinHistogram.swift in Sources */ = {isa = PBXBuildFile; fileRef = 7B1A611E1E701E32002BAD1F /* H_84_LargestRectangleinHistogram.swift */; };
		7B1A61211E71048E002BAD1F /* H_85_MaximalRectangle.swift in Sources */ = {isa = PBXBuildFile; fileRef = 7B1A61201E71048E002BAD1F /* H_85_MaximalRectangle.swift */; };
		7B1A61231E7114FA002BAD1F /* E_9_PalindromeNumber.swift in Sources */ = {isa = PBXBuildFile; fileRef = 7B1A61221E7114FA002BAD1F /* E_9_PalindromeNumber.swift */; };
		7B1A61251E711819002BAD1F /* E_7_ReverseInteger.swift in Sources */ = {isa = PBXBuildFile; fileRef = 7B1A61241E711819002BAD1F /* E_7_ReverseInteger.swift */; };
		7B1A61271E712078002BAD1F /* M_74_SearchA2DMatrix.swift in Sources */ = {isa = PBXBuildFile; fileRef = 7B1A61261E712078002BAD1F /* M_74_SearchA2DMatrix.swift */; };
		7B1A61291E714411002BAD1F /* M_34_SearchforARange.swift in Sources */ = {isa = PBXBuildFile; fileRef = 7B1A61281E714411002BAD1F /* M_34_SearchforARange.swift */; };
		7B1A612B1E71547A002BAD1F /* E_35_SearchInsertPosition.swift in Sources */ = {isa = PBXBuildFile; fileRef = 7B1A612A1E71547A002BAD1F /* E_35_SearchInsertPosition.swift */; };
		7B1A612F1E716784002BAD1F /* M_162_FindPeakElement.swift in Sources */ = {isa = PBXBuildFile; fileRef = 7B1A612E1E716784002BAD1F /* M_162_FindPeakElement.swift */; };
		7B1A61311E717442002BAD1F /* E_268_MissingNumber.swift in Sources */ = {isa = PBXBuildFile; fileRef = 7B1A61301E717442002BAD1F /* E_268_MissingNumber.swift */; };
		7B1A61331E7185DC002BAD1F /* E_231_PowerOfTwo.swift in Sources */ = {isa = PBXBuildFile; fileRef = 7B1A61321E7185DC002BAD1F /* E_231_PowerOfTwo.swift */; };
		7B1A61351E718D97002BAD1F /* E_191_NumberOf1Bits.swift in Sources */ = {isa = PBXBuildFile; fileRef = 7B1A61341E718D97002BAD1F /* E_191_NumberOf1Bits.swift */; };
		7B1A61371E719587002BAD1F /* E_104_MaximumDepthOfBinaryTree.swift in Sources */ = {isa = PBXBuildFile; fileRef = 7B1A61361E719587002BAD1F /* E_104_MaximumDepthOfBinaryTree.swift */; };
		7B1A61391E72C23B002BAD1F /* CreateBinaryTree.swift in Sources */ = {isa = PBXBuildFile; fileRef = 7B1A61381E72C23B002BAD1F /* CreateBinaryTree.swift */; };
		7B1A613B1E72C416002BAD1F /* E_111_MinimumDepthOfBinaryTree.swift in Sources */ = {isa = PBXBuildFile; fileRef = 7B1A613A1E72C416002BAD1F /* E_111_MinimumDepthOfBinaryTree.swift */; };
		7B3AC7961E7D5A2000CA8FE1 /* M_106_ConstructBinaryTreeFromInorderandPostorderTraversal.swift in Sources */ = {isa = PBXBuildFile; fileRef = 7B3AC7951E7D5A2000CA8FE1 /* M_106_ConstructBinaryTreeFromInorderandPostorderTraversal.swift */; };
		7B3AC79A1E7D722300CA8FE1 /* M_105_ConstructBinaryTreeFromPreorderandInorderTraversal.swift in Sources */ = {isa = PBXBuildFile; fileRef = 7B3AC7991E7D722300CA8FE1 /* M_105_ConstructBinaryTreeFromPreorderandInorderTraversal.swift */; };
		7B3AC79C1E7E1B6500CA8FE1 /* M_102_BinaryTreeLevelOrderTraversal.swift in Sources */ = {isa = PBXBuildFile; fileRef = 7B3AC79B1E7E1B6500CA8FE1 /* M_102_BinaryTreeLevelOrderTraversal.swift */; };
		7B3AC79E1E7E203B00CA8FE1 /* E_107_BinaryTreeLevelOrderTraversalII.swift in Sources */ = {isa = PBXBuildFile; fileRef = 7B3AC79D1E7E203B00CA8FE1 /* E_107_BinaryTreeLevelOrderTraversalII.swift */; };
		7B3AC7A01E7E4FAF00CA8FE1 /* M_103_BinaryTreeZigzagLevelOrderTraversal.swift in Sources */ = {isa = PBXBuildFile; fileRef = 7B3AC79F1E7E4FAF00CA8FE1 /* M_103_BinaryTreeZigzagLevelOrderTraversal.swift */; };
		7B3AC7A21E7E5B6D00CA8FE1 /* E_100_SameTree.swift in Sources */ = {isa = PBXBuildFile; fileRef = 7B3AC7A11E7E5B6C00CA8FE1 /* E_100_SameTree.swift */; };
		7B3AC7A41E7E67E400CA8FE1 /* E_101_SymmetricTree.swift in Sources */ = {isa = PBXBuildFile; fileRef = 7B3AC7A31E7E67E400CA8FE1 /* E_101_SymmetricTree.swift */; };
		7B3AC7A61E7E719900CA8FE1 /* E_110_BalancedBinaryTree.swift in Sources */ = {isa = PBXBuildFile; fileRef = 7B3AC7A51E7E719900CA8FE1 /* E_110_BalancedBinaryTree.swift */; };
		7B3AC7A81E7E788C00CA8FE1 /* E_112_PathSum.swift in Sources */ = {isa = PBXBuildFile; fileRef = 7B3AC7A71E7E788C00CA8FE1 /* E_112_PathSum.swift */; };
		7B3AC7AA1E7E860E00CA8FE1 /* M_113_PathSumII.swift in Sources */ = {isa = PBXBuildFile; fileRef = 7B3AC7A91E7E860E00CA8FE1 /* M_113_PathSumII.swift */; };
		7B3AC7AC1E7F773A00CA8FE1 /* E_437_PathSumIII.swift in Sources */ = {isa = PBXBuildFile; fileRef = 7B3AC7AB1E7F773A00CA8FE1 /* E_437_PathSumIII.swift */; };
/* End PBXBuildFile section */

/* Begin PBXCopyFilesBuildPhase section */
		7B1A60FC1E6EC3CE002BAD1F /* CopyFiles */ = {
			isa = PBXCopyFilesBuildPhase;
			buildActionMask = 2147483647;
			dstPath = /usr/share/man/man1/;
			dstSubfolderSpec = 0;
			files = (
			);
			runOnlyForDeploymentPostprocessing = 1;
		};
/* End PBXCopyFilesBuildPhase section */

/* Begin PBXFileReference section */
		7B1A60FE1E6EC3CE002BAD1F /* AlgorithmLeetCode */ = {isa = PBXFileReference; explicitFileType = "compiled.mach-o.executable"; includeInIndex = 0; path = AlgorithmLeetCode; sourceTree = BUILT_PRODUCTS_DIR; };
		7B1A61011E6EC3CE002BAD1F /* main.swift */ = {isa = PBXFileReference; lastKnownFileType = sourcecode.swift; path = main.swift; sourceTree = "<group>"; };
		7B1A61081E6EC442002BAD1F /* E_001_TwoSum.swift */ = {isa = PBXFileReference; fileEncoding = 4; lastKnownFileType = sourcecode.swift; path = E_001_TwoSum.swift; sourceTree = "<group>"; };
		7B1A610A1E6EC520002BAD1F /* E_27_RemoveElement.swift */ = {isa = PBXFileReference; fileEncoding = 4; lastKnownFileType = sourcecode.swift; path = E_27_RemoveElement.swift; sourceTree = "<group>"; };
		7B1A610C1E6EC57A002BAD1F /* E-26-RemoveDuplicatesFromSortedArray.swift */ = {isa = PBXFileReference; fileEncoding = 4; lastKnownFileType = sourcecode.swift; path = "E-26-RemoveDuplicatesFromSortedArray.swift"; sourceTree = "<group>"; };
		7B1A610E1E6EC5C5002BAD1F /* M_80_RemoveDuplicatesFromSortedArrayII.swift */ = {isa = PBXFileReference; fileEncoding = 4; lastKnownFileType = sourcecode.swift; path = M_80_RemoveDuplicatesFromSortedArrayII.swift; sourceTree = "<group>"; };
		7B1A61101E6ED2DC002BAD1F /* E_66_PlusOne.swift */ = {isa = PBXFileReference; fileEncoding = 4; lastKnownFileType = sourcecode.swift; path = E_66_PlusOne.swift; sourceTree = "<group>"; };
		7B1A61121E6F038A002BAD1F /* testSwift.swift */ = {isa = PBXFileReference; fileEncoding = 4; lastKnownFileType = sourcecode.swift; path = testSwift.swift; sourceTree = "<group>"; };
		7B1A61141E6FBC4A002BAD1F /* E_118_Pascal'sTriangle.swift */ = {isa = PBXFileReference; fileEncoding = 4; lastKnownFileType = sourcecode.swift; path = "E_118_Pascal'sTriangle.swift"; sourceTree = "<group>"; };
		7B1A61161E6FE571002BAD1F /* E_119_PascalsTriangleII.swift */ = {isa = PBXFileReference; fileEncoding = 4; lastKnownFileType = sourcecode.swift; path = E_119_PascalsTriangleII.swift; sourceTree = "<group>"; };
		7B1A61181E6FF1CC002BAD1F /* E_88_MergeSortedArray.swift */ = {isa = PBXFileReference; fileEncoding = 4; lastKnownFileType = sourcecode.swift; path = E_88_MergeSortedArray.swift; sourceTree = "<group>"; };
		7B1A611A1E6FFF74002BAD1F /* M_153_FindMinimuminRotatedSortedArray.swift */ = {isa = PBXFileReference; fileEncoding = 4; lastKnownFileType = sourcecode.swift; path = M_153_FindMinimuminRotatedSortedArray.swift; sourceTree = "<group>"; };
		7B1A611C1E700F76002BAD1F /* H_154_FindMinimuminRotatedSortedArrayII.swift */ = {isa = PBXFileReference; fileEncoding = 4; lastKnownFileType = sourcecode.swift; path = H_154_FindMinimuminRotatedSortedArrayII.swift; sourceTree = "<group>"; };
		7B1A611E1E701E32002BAD1F /* H_84_LargestRectangleinHistogram.swift */ = {isa = PBXFileReference; fileEncoding = 4; lastKnownFileType = sourcecode.swift; path = H_84_LargestRectangleinHistogram.swift; sourceTree = "<group>"; };
		7B1A61201E71048E002BAD1F /* H_85_MaximalRectangle.swift */ = {isa = PBXFileReference; fileEncoding = 4; lastKnownFileType = sourcecode.swift; path = H_85_MaximalRectangle.swift; sourceTree = "<group>"; };
		7B1A61221E7114FA002BAD1F /* E_9_PalindromeNumber.swift */ = {isa = PBXFileReference; fileEncoding = 4; lastKnownFileType = sourcecode.swift; path = E_9_PalindromeNumber.swift; sourceTree = "<group>"; };
		7B1A61241E711819002BAD1F /* E_7_ReverseInteger.swift */ = {isa = PBXFileReference; fileEncoding = 4; lastKnownFileType = sourcecode.swift; path = E_7_ReverseInteger.swift; sourceTree = "<group>"; };
		7B1A61261E712078002BAD1F /* M_74_SearchA2DMatrix.swift */ = {isa = PBXFileReference; fileEncoding = 4; lastKnownFileType = sourcecode.swift; path = M_74_SearchA2DMatrix.swift; sourceTree = "<group>"; };
		7B1A61281E714411002BAD1F /* M_34_SearchforARange.swift */ = {isa = PBXFileReference; fileEncoding = 4; lastKnownFileType = sourcecode.swift; path = M_34_SearchforARange.swift; sourceTree = "<group>"; };
		7B1A612A1E71547A002BAD1F /* E_35_SearchInsertPosition.swift */ = {isa = PBXFileReference; fileEncoding = 4; lastKnownFileType = sourcecode.swift; path = E_35_SearchInsertPosition.swift; sourceTree = "<group>"; };
		7B1A612E1E716784002BAD1F /* M_162_FindPeakElement.swift */ = {isa = PBXFileReference; fileEncoding = 4; lastKnownFileType = sourcecode.swift; path = M_162_FindPeakElement.swift; sourceTree = "<group>"; };
		7B1A61301E717442002BAD1F /* E_268_MissingNumber.swift */ = {isa = PBXFileReference; fileEncoding = 4; lastKnownFileType = sourcecode.swift; path = E_268_MissingNumber.swift; sourceTree = "<group>"; };
		7B1A61321E7185DC002BAD1F /* E_231_PowerOfTwo.swift */ = {isa = PBXFileReference; fileEncoding = 4; lastKnownFileType = sourcecode.swift; path = E_231_PowerOfTwo.swift; sourceTree = "<group>"; };
		7B1A61341E718D97002BAD1F /* E_191_NumberOf1Bits.swift */ = {isa = PBXFileReference; fileEncoding = 4; lastKnownFileType = sourcecode.swift; path = E_191_NumberOf1Bits.swift; sourceTree = "<group>"; };
		7B1A61361E719587002BAD1F /* E_104_MaximumDepthOfBinaryTree.swift */ = {isa = PBXFileReference; fileEncoding = 4; lastKnownFileType = sourcecode.swift; path = E_104_MaximumDepthOfBinaryTree.swift; sourceTree = "<group>"; };
		7B1A61381E72C23B002BAD1F /* CreateBinaryTree.swift */ = {isa = PBXFileReference; fileEncoding = 4; lastKnownFileType = sourcecode.swift; path = CreateBinaryTree.swift; sourceTree = "<group>"; };
		7B1A613A1E72C416002BAD1F /* E_111_MinimumDepthOfBinaryTree.swift */ = {isa = PBXFileReference; fileEncoding = 4; lastKnownFileType = sourcecode.swift; path = E_111_MinimumDepthOfBinaryTree.swift; sourceTree = "<group>"; };
		7B3AC7951E7D5A2000CA8FE1 /* M_106_ConstructBinaryTreeFromInorderandPostorderTraversal.swift */ = {isa = PBXFileReference; fileEncoding = 4; lastKnownFileType = sourcecode.swift; path = M_106_ConstructBinaryTreeFromInorderandPostorderTraversal.swift; sourceTree = "<group>"; };
		7B3AC7991E7D722300CA8FE1 /* M_105_ConstructBinaryTreeFromPreorderandInorderTraversal.swift */ = {isa = PBXFileReference; fileEncoding = 4; lastKnownFileType = sourcecode.swift; path = M_105_ConstructBinaryTreeFromPreorderandInorderTraversal.swift; sourceTree = "<group>"; };
		7B3AC79B1E7E1B6500CA8FE1 /* M_102_BinaryTreeLevelOrderTraversal.swift */ = {isa = PBXFileReference; fileEncoding = 4; lastKnownFileType = sourcecode.swift; path = M_102_BinaryTreeLevelOrderTraversal.swift; sourceTree = "<group>"; };
		7B3AC79D1E7E203B00CA8FE1 /* E_107_BinaryTreeLevelOrderTraversalII.swift */ = {isa = PBXFileReference; fileEncoding = 4; lastKnownFileType = sourcecode.swift; path = E_107_BinaryTreeLevelOrderTraversalII.swift; sourceTree = "<group>"; };
		7B3AC79F1E7E4FAF00CA8FE1 /* M_103_BinaryTreeZigzagLevelOrderTraversal.swift */ = {isa = PBXFileReference; fileEncoding = 4; lastKnownFileType = sourcecode.swift; path = M_103_BinaryTreeZigzagLevelOrderTraversal.swift; sourceTree = "<group>"; };
		7B3AC7A11E7E5B6C00CA8FE1 /* E_100_SameTree.swift */ = {isa = PBXFileReference; fileEncoding = 4; lastKnownFileType = sourcecode.swift; path = E_100_SameTree.swift; sourceTree = "<group>"; };
		7B3AC7A31E7E67E400CA8FE1 /* E_101_SymmetricTree.swift */ = {isa = PBXFileReference; fileEncoding = 4; lastKnownFileType = sourcecode.swift; path = E_101_SymmetricTree.swift; sourceTree = "<group>"; };
		7B3AC7A51E7E719900CA8FE1 /* E_110_BalancedBinaryTree.swift */ = {isa = PBXFileReference; fileEncoding = 4; lastKnownFileType = sourcecode.swift; path = E_110_BalancedBinaryTree.swift; sourceTree = "<group>"; };
		7B3AC7A71E7E788C00CA8FE1 /* E_112_PathSum.swift */ = {isa = PBXFileReference; fileEncoding = 4; lastKnownFileType = sourcecode.swift; path = E_112_PathSum.swift; sourceTree = "<group>"; };
		7B3AC7A91E7E860E00CA8FE1 /* M_113_PathSumII.swift */ = {isa = PBXFileReference; fileEncoding = 4; lastKnownFileType = sourcecode.swift; path = M_113_PathSumII.swift; sourceTree = "<group>"; };
		7B3AC7AB1E7F773A00CA8FE1 /* E_437_PathSumIII.swift */ = {isa = PBXFileReference; fileEncoding = 4; lastKnownFileType = sourcecode.swift; path = E_437_PathSumIII.swift; sourceTree = "<group>"; };
/* End PBXFileReference section */

/* Begin PBXFrameworksBuildPhase section */
		7B1A60FB1E6EC3CE002BAD1F /* Frameworks */ = {
			isa = PBXFrameworksBuildPhase;
			buildActionMask = 2147483647;
			files = (
			);
			runOnlyForDeploymentPostprocessing = 0;
		};
/* End PBXFrameworksBuildPhase section */

/* Begin PBXGroup section */
		7B1A60F51E6EC3CD002BAD1F = {
			isa = PBXGroup;
			children = (
				7B1A61001E6EC3CE002BAD1F /* AlgorithmLeetCode */,
				7B1A60FF1E6EC3CE002BAD1F /* Products */,
			);
			sourceTree = "<group>";
		};
		7B1A60FF1E6EC3CE002BAD1F /* Products */ = {
			isa = PBXGroup;
			children = (
				7B1A60FE1E6EC3CE002BAD1F /* AlgorithmLeetCode */,
			);
			name = Products;
			sourceTree = "<group>";
		};
		7B1A61001E6EC3CE002BAD1F /* AlgorithmLeetCode */ = {
			isa = PBXGroup;
			children = (
				7B1A61011E6EC3CE002BAD1F /* main.swift */,
				7B1A61121E6F038A002BAD1F /* testSwift.swift */,
				7B1A61381E72C23B002BAD1F /* CreateBinaryTree.swift */,
				7B1A61081E6EC442002BAD1F /* E_001_TwoSum.swift */,
				7B1A610A1E6EC520002BAD1F /* E_27_RemoveElement.swift */,
				7B1A610C1E6EC57A002BAD1F /* E-26-RemoveDuplicatesFromSortedArray.swift */,
				7B1A610E1E6EC5C5002BAD1F /* M_80_RemoveDuplicatesFromSortedArrayII.swift */,
				7B1A61101E6ED2DC002BAD1F /* E_66_PlusOne.swift */,
				7B1A61141E6FBC4A002BAD1F /* E_118_Pascal'sTriangle.swift */,
				7B1A61161E6FE571002BAD1F /* E_119_PascalsTriangleII.swift */,
				7B1A61181E6FF1CC002BAD1F /* E_88_MergeSortedArray.swift */,
				7B1A611A1E6FFF74002BAD1F /* M_153_FindMinimuminRotatedSortedArray.swift */,
				7B1A611C1E700F76002BAD1F /* H_154_FindMinimuminRotatedSortedArrayII.swift */,
				7B1A611E1E701E32002BAD1F /* H_84_LargestRectangleinHistogram.swift */,
				7B1A61201E71048E002BAD1F /* H_85_MaximalRectangle.swift */,
				7B1A61221E7114FA002BAD1F /* E_9_PalindromeNumber.swift */,
				7B1A61241E711819002BAD1F /* E_7_ReverseInteger.swift */,
				7B1A61261E712078002BAD1F /* M_74_SearchA2DMatrix.swift */,
				7B1A61281E714411002BAD1F /* M_34_SearchforARange.swift */,
				7B1A612A1E71547A002BAD1F /* E_35_SearchInsertPosition.swift */,
				7B1A612E1E716784002BAD1F /* M_162_FindPeakElement.swift */,
				7B1A61301E717442002BAD1F /* E_268_MissingNumber.swift */,
				7B1A61321E7185DC002BAD1F /* E_231_PowerOfTwo.swift */,
				7B1A61341E718D97002BAD1F /* E_191_NumberOf1Bits.swift */,
				7B1A61361E719587002BAD1F /* E_104_MaximumDepthOfBinaryTree.swift */,
				7B1A613A1E72C416002BAD1F /* E_111_MinimumDepthOfBinaryTree.swift */,
				7B3AC7951E7D5A2000CA8FE1 /* M_106_ConstructBinaryTreeFromInorderandPostorderTraversal.swift */,
				7B3AC7991E7D722300CA8FE1 /* M_105_ConstructBinaryTreeFromPreorderandInorderTraversal.swift */,
				7B3AC79B1E7E1B6500CA8FE1 /* M_102_BinaryTreeLevelOrderTraversal.swift */,
				7B3AC79D1E7E203B00CA8FE1 /* E_107_BinaryTreeLevelOrderTraversalII.swift */,
				7B3AC79F1E7E4FAF00CA8FE1 /* M_103_BinaryTreeZigzagLevelOrderTraversal.swift */,
				7B3AC7A11E7E5B6C00CA8FE1 /* E_100_SameTree.swift */,
				7B3AC7A31E7E67E400CA8FE1 /* E_101_SymmetricTree.swift */,
				7B3AC7A51E7E719900CA8FE1 /* E_110_BalancedBinaryTree.swift */,
				7B3AC7A71E7E788C00CA8FE1 /* E_112_PathSum.swift */,
				7B3AC7A91E7E860E00CA8FE1 /* M_113_PathSumII.swift */,
				7B3AC7AB1E7F773A00CA8FE1 /* E_437_PathSumIII.swift */,
			);
			path = AlgorithmLeetCode;
			sourceTree = "<group>";
		};
/* End PBXGroup section */

/* Begin PBXNativeTarget section */
		7B1A60FD1E6EC3CE002BAD1F /* AlgorithmLeetCode */ = {
			isa = PBXNativeTarget;
			buildConfigurationList = 7B1A61051E6EC3CE002BAD1F /* Build configuration list for PBXNativeTarget "AlgorithmLeetCode" */;
			buildPhases = (
				7B1A60FA1E6EC3CE002BAD1F /* Sources */,
				7B1A60FB1E6EC3CE002BAD1F /* Frameworks */,
				7B1A60FC1E6EC3CE002BAD1F /* CopyFiles */,
			);
			buildRules = (
			);
			dependencies = (
			);
			name = AlgorithmLeetCode;
			productName = AlgorithmLeetCode;
			productReference = 7B1A60FE1E6EC3CE002BAD1F /* AlgorithmLeetCode */;
			productType = "com.apple.product-type.tool";
		};
/* End PBXNativeTarget section */

/* Begin PBXProject section */
		7B1A60F61E6EC3CD002BAD1F /* Project object */ = {
			isa = PBXProject;
			attributes = {
				LastSwiftUpdateCheck = 0820;
				LastUpgradeCheck = 0820;
				ORGANIZATIONNAME = okerivy;
				TargetAttributes = {
					7B1A60FD1E6EC3CE002BAD1F = {
						CreatedOnToolsVersion = 8.2.1;
						DevelopmentTeam = 4Y93JD58KW;
						ProvisioningStyle = Automatic;
					};
				};
			};
			buildConfigurationList = 7B1A60F91E6EC3CD002BAD1F /* Build configuration list for PBXProject "AlgorithmLeetCode" */;
			compatibilityVersion = "Xcode 3.2";
			developmentRegion = English;
			hasScannedForEncodings = 0;
			knownRegions = (
				en,
			);
			mainGroup = 7B1A60F51E6EC3CD002BAD1F;
			productRefGroup = 7B1A60FF1E6EC3CE002BAD1F /* Products */;
			projectDirPath = "";
			projectRoot = "";
			targets = (
				7B1A60FD1E6EC3CE002BAD1F /* AlgorithmLeetCode */,
			);
		};
/* End PBXProject section */

/* Begin PBXSourcesBuildPhase section */
		7B1A60FA1E6EC3CE002BAD1F /* Sources */ = {
			isa = PBXSourcesBuildPhase;
			buildActionMask = 2147483647;
			files = (
				7B1A61311E717442002BAD1F /* E_268_MissingNumber.swift in Sources */,
				7B1A611B1E6FFF74002BAD1F /* M_153_FindMinimuminRotatedSortedArray.swift in Sources */,
				7B1A61351E718D97002BAD1F /* E_191_NumberOf1Bits.swift in Sources */,
				7B1A61151E6FBC4A002BAD1F /* E_118_Pascal'sTriangle.swift in Sources */,
				7B1A61111E6ED2DC002BAD1F /* E_66_PlusOne.swift in Sources */,
				7B1A610D1E6EC57A002BAD1F /* E-26-RemoveDuplicatesFromSortedArray.swift in Sources */,
				7B1A61291E714411002BAD1F /* M_34_SearchforARange.swift in Sources */,
				7B1A610F1E6EC5C5002BAD1F /* M_80_RemoveDuplicatesFromSortedArrayII.swift in Sources */,
				7B1A612F1E716784002BAD1F /* M_162_FindPeakElement.swift in Sources */,
				7B3AC79C1E7E1B6500CA8FE1 /* M_102_BinaryTreeLevelOrderTraversal.swift in Sources */,
				7B3AC7A41E7E67E400CA8FE1 /* E_101_SymmetricTree.swift in Sources */,
				7B3AC7A61E7E719900CA8FE1 /* E_110_BalancedBinaryTree.swift in Sources */,
				7B3AC7AA1E7E860E00CA8FE1 /* M_113_PathSumII.swift in Sources */,
				7B3AC79E1E7E203B00CA8FE1 /* E_107_BinaryTreeLevelOrderTraversalII.swift in Sources */,
				7B1A61391E72C23B002BAD1F /* CreateBinaryTree.swift in Sources */,
				7B1A61271E712078002BAD1F /* M_74_SearchA2DMatrix.swift in Sources */,
				7B1A611D1E700F76002BAD1F /* H_154_FindMinimuminRotatedSortedArrayII.swift in Sources */,
				7B1A61131E6F038A002BAD1F /* testSwift.swift in Sources */,
				7B1A61251E711819002BAD1F /* E_7_ReverseInteger.swift in Sources */,
				7B3AC7A01E7E4FAF00CA8FE1 /* M_103_BinaryTreeZigzagLevelOrderTraversal.swift in Sources */,
				7B3AC7A81E7E788C00CA8FE1 /* E_112_PathSum.swift in Sources */,
				7B1A61091E6EC442002BAD1F /* E_001_TwoSum.swift in Sources */,
				7B1A61021E6EC3CE002BAD1F /* main.swift in Sources */,
				7B3AC7961E7D5A2000CA8FE1 /* M_106_ConstructBinaryTreeFromInorderandPostorderTraversal.swift in Sources */,
				7B3AC79A1E7D722300CA8FE1 /* M_105_ConstructBinaryTreeFromPreorderandInorderTraversal.swift in Sources */,
				7B1A61171E6FE571002BAD1F /* E_119_PascalsTriangleII.swift in Sources */,
				7B1A61231E7114FA002BAD1F /* E_9_PalindromeNumber.swift in Sources */,
				7B1A610B1E6EC520002BAD1F /* E_27_RemoveElement.swift in Sources */,
				7B1A611F1E701E32002BAD1F /* H_84_LargestRectangleinHistogram.swift in Sources */,
				7B3AC7A21E7E5B6D00CA8FE1 /* E_100_SameTree.swift in Sources */,
				7B1A61331E7185DC002BAD1F /* E_231_PowerOfTwo.swift in Sources */,
				7B1A61371E719587002BAD1F /* E_104_MaximumDepthOfBinaryTree.swift in Sources */,
				7B1A612B1E71547A002BAD1F /* E_35_SearchInsertPosition.swift in Sources */,
				7B1A61191E6FF1CC002BAD1F /* E_88_MergeSortedArray.swift in Sources */,
				7B3AC7AC1E7F773A00CA8FE1 /* E_437_PathSumIII.swift in Sources */,
				7B1A613B1E72C416002BAD1F /* E_111_MinimumDepthOfBinaryTree.swift in Sources */,
				7B1A61211E71048E002BAD1F /* H_85_MaximalRectangle.swift in Sources */,
			);
			runOnlyForDeploymentPostprocessing = 0;
		};
/* End PBXSourcesBuildPhase section */

/* Begin XCBuildConfiguration section */
		7B1A61031E6EC3CE002BAD1F /* Debug */ = {
			isa = XCBuildConfiguration;
			buildSettings = {
				ALWAYS_SEARCH_USER_PATHS = NO;
				CLANG_ANALYZER_NONNULL = YES;
				CLANG_CXX_LANGUAGE_STANDARD = "gnu++0x";
				CLANG_CXX_LIBRARY = "libc++";
				CLANG_ENABLE_MODULES = YES;
				CLANG_ENABLE_OBJC_ARC = YES;
				CLANG_WARN_BOOL_CONVERSION = YES;
				CLANG_WARN_CONSTANT_CONVERSION = YES;
				CLANG_WARN_DIRECT_OBJC_ISA_USAGE = YES_ERROR;
				CLANG_WARN_DOCUMENTATION_COMMENTS = YES;
				CLANG_WARN_EMPTY_BODY = YES;
				CLANG_WARN_ENUM_CONVERSION = YES;
				CLANG_WARN_INFINITE_RECURSION = YES;
				CLANG_WARN_INT_CONVERSION = YES;
				CLANG_WARN_OBJC_ROOT_CLASS = YES_ERROR;
				CLANG_WARN_SUSPICIOUS_MOVE = YES;
				CLANG_WARN_UNREACHABLE_CODE = YES;
				CLANG_WARN__DUPLICATE_METHOD_MATCH = YES;
				CODE_SIGN_IDENTITY = "-";
				COPY_PHASE_STRIP = NO;
				DEBUG_INFORMATION_FORMAT = dwarf;
				ENABLE_STRICT_OBJC_MSGSEND = YES;
				ENABLE_TESTABILITY = YES;
				GCC_C_LANGUAGE_STANDARD = gnu99;
				GCC_DYNAMIC_NO_PIC = NO;
				GCC_NO_COMMON_BLOCKS = YES;
				GCC_OPTIMIZATION_LEVEL = 0;
				GCC_PREPROCESSOR_DEFINITIONS = (
					"DEBUG=1",
					"$(inherited)",
				);
				GCC_WARN_64_TO_32_BIT_CONVERSION = YES;
				GCC_WARN_ABOUT_RETURN_TYPE = YES_ERROR;
				GCC_WARN_UNDECLARED_SELECTOR = YES;
				GCC_WARN_UNINITIALIZED_AUTOS = YES_AGGRESSIVE;
				GCC_WARN_UNUSED_FUNCTION = YES;
				GCC_WARN_UNUSED_VARIABLE = YES;
				MACOSX_DEPLOYMENT_TARGET = 10.12;
				MTL_ENABLE_DEBUG_INFO = YES;
				ONLY_ACTIVE_ARCH = YES;
				SDKROOT = macosx;
				SWIFT_OPTIMIZATION_LEVEL = "-Onone";
			};
			name = Debug;
		};
		7B1A61041E6EC3CE002BAD1F /* Release */ = {
			isa = XCBuildConfiguration;
			buildSettings = {
				ALWAYS_SEARCH_USER_PATHS = NO;
				CLANG_ANALYZER_NONNULL = YES;
				CLANG_CXX_LANGUAGE_STANDARD = "gnu++0x";
				CLANG_CXX_LIBRARY = "libc++";
				CLANG_ENABLE_MODULES = YES;
				CLANG_ENABLE_OBJC_ARC = YES;
				CLANG_WARN_BOOL_CONVERSION = YES;
				CLANG_WARN_CONSTANT_CONVERSION = YES;
				CLANG_WARN_DIRECT_OBJC_ISA_USAGE = YES_ERROR;
				CLANG_WARN_DOCUMENTATION_COMMENTS = YES;
				CLANG_WARN_EMPTY_BODY = YES;
				CLANG_WARN_ENUM_CONVERSION = YES;
				CLANG_WARN_INFINITE_RECURSION = YES;
				CLANG_WARN_INT_CONVERSION = YES;
				CLANG_WARN_OBJC_ROOT_CLASS = YES_ERROR;
				CLANG_WARN_SUSPICIOUS_MOVE = YES;
				CLANG_WARN_UNREACHABLE_CODE = YES;
				CLANG_WARN__DUPLICATE_METHOD_MATCH = YES;
				CODE_SIGN_IDENTITY = "-";
				COPY_PHASE_STRIP = NO;
				DEBUG_INFORMATION_FORMAT = "dwarf-with-dsym";
				ENABLE_NS_ASSERTIONS = NO;
				ENABLE_STRICT_OBJC_MSGSEND = YES;
				GCC_C_LANGUAGE_STANDARD = gnu99;
				GCC_NO_COMMON_BLOCKS = YES;
				GCC_WARN_64_TO_32_BIT_CONVERSION = YES;
				GCC_WARN_ABOUT_RETURN_TYPE = YES_ERROR;
				GCC_WARN_UNDECLARED_SELECTOR = YES;
				GCC_WARN_UNINITIALIZED_AUTOS = YES_AGGRESSIVE;
				GCC_WARN_UNUSED_FUNCTION = YES;
				GCC_WARN_UNUSED_VARIABLE = YES;
				MACOSX_DEPLOYMENT_TARGET = 10.12;
				MTL_ENABLE_DEBUG_INFO = NO;
				SDKROOT = macosx;
			};
			name = Release;
		};
		7B1A61061E6EC3CE002BAD1F /* Debug */ = {
			isa = XCBuildConfiguration;
			buildSettings = {
				DEVELOPMENT_TEAM = 4Y93JD58KW;
				PRODUCT_NAME = "$(TARGET_NAME)";
				SWIFT_VERSION = 3.0;
			};
			name = Debug;
		};
		7B1A61071E6EC3CE002BAD1F /* Release */ = {
			isa = XCBuildConfiguration;
			buildSettings = {
				DEVELOPMENT_TEAM = 4Y93JD58KW;
				PRODUCT_NAME = "$(TARGET_NAME)";
				SWIFT_VERSION = 3.0;
			};
			name = Release;
		};
/* End XCBuildConfiguration section */

/* Begin XCConfigurationList section */
		7B1A60F91E6EC3CD002BAD1F /* Build configuration list for PBXProject "AlgorithmLeetCode" */ = {
			isa = XCConfigurationList;
			buildConfigurations = (
				7B1A61031E6EC3CE002BAD1F /* Debug */,
				7B1A61041E6EC3CE002BAD1F /* Release */,
			);
			defaultConfigurationIsVisible = 0;
			defaultConfigurationName = Release;
		};
		7B1A61051E6EC3CE002BAD1F /* Build configuration list for PBXNativeTarget "AlgorithmLeetCode" */ = {
			isa = XCConfigurationList;
			buildConfigurations = (
				7B1A61061E6EC3CE002BAD1F /* Debug */,
				7B1A61071E6EC3CE002BAD1F /* Release */,
			);
			defaultConfigurationIsVisible = 0;
			defaultConfigurationName = Release;
		};
/* End XCConfigurationList section */
	};
	rootObject = 7B1A60F61E6EC3CD002BAD1F /* Project object */;
}
